
Microsoft Visual Studio Solution File, Format Version 12.00
# Visual Studio Version 17
VisualStudioVersion = 17.12.35521.163
MinimumVisualStudioVersion = 10.0.40219.1
Project("{2150E333-8FDC-42A3-9474-1A3956D46DE8}") = "Homework1", "Homework1", "{11A6D788-8A77-4BEF-B055-93BB462CD5FE}"
EndProject
Project("{FAE04EC0-301F-11D3-BF4B-00C04F79EFBC}") = "Homework1", "Homework1\Homework1.csproj", "{1884074C-F51F-4215-9639-C45DE420334A}"
EndProject
Project("{FAE04EC0-301F-11D3-BF4B-00C04F79EFBC}") = "Homework3", "Homework3\Homework3.csproj", "{A52288F5-2F26-401D-B2CD-D2256C017031}"
EndProject
Project("{FAE04EC0-301F-11D3-BF4B-00C04F79EFBC}") = "Homework4", "Homework4\Homework4.csproj", "{00E9E81E-85EB-4777-B6CC-B03C948913A8}"
EndProject
Project("{FAE04EC0-301F-11D3-BF4B-00C04F79EFBC}") = "Homework5", "Homework5\Homework5.csproj", "{CC8E3582-53C8-4326-A9F4-6255BA7B4D5C}"
EndProject
Project("{FAE04EC0-301F-11D3-BF4B-00C04F79EFBC}") = "Homework6.1", "Homework6.1\Homework6.1.csproj", "{F27BCC88-30AB-408E-BBF1-9D4C57A23CDE}"
EndProject
Project("{FAE04EC0-301F-11D3-BF4B-00C04F79EFBC}") = "Homework6.2", "Homework6.2\Homework6.2.csproj", "{2CE14D23-E0CC-4955-8F4A-B5541DBF8C42}"
EndProject
Project("{FAE04EC0-301F-11D3-BF4B-00C04F79EFBC}") = "Homework6.3", "Homework6.3\Homework6.3.csproj", "{6DAF1636-CEBB-4772-8C66-681D9F896C13}"
EndProject
Project("{FAE04EC0-301F-11D3-BF4B-00C04F79EFBC}") = "Homework7", "Homework7\Homework7.csproj", "{E02D6E0A-3773-48F2-B889-1B32E97E9620}"
EndProject
Project("{FAE04EC0-301F-11D3-BF4B-00C04F79EFBC}") = "Homework8", "Homework8\Homework8.csproj", "{95435AFB-DECE-4CBF-8A7C-4FD9F0B6A6FF}"
EndProject
Project("{FAE04EC0-301F-11D3-BF4B-00C04F79EFBC}") = "Homework9", "Homework9\Homework9.csproj", "{48230388-BD1C-475B-A1F8-362F4C1D464B}"
EndProject
Project("{FAE04EC0-301F-11D3-BF4B-00C04F79EFBC}") = "Homework10.1", "Homework10.1\Homework10.1.csproj", "{88BC58BD-3512-486B-9C4C-E717C84A8A10}"
EndProject
Project("{FAE04EC0-301F-11D3-BF4B-00C04F79EFBC}") = "Homework10.2", "Homework10.2\Homework10.2.csproj", "{F671F9AF-356A-40DB-8608-DA38C8630F51}"
EndProject
Project("{FAE04EC0-301F-11D3-BF4B-00C04F79EFBC}") = "Homework10.3", "Homework10.3\Homework10.3.csproj", "{7358ECFB-F484-4491-AE74-87E348430DEA}"
EndProject
Project("{FAE04EC0-301F-11D3-BF4B-00C04F79EFBC}") = "Homework11", "Homework11\Homework11.csproj", "{5B65BE70-54C3-4314-87FD-041C8E712A93}"
EndProject
Project("{FAE04EC0-301F-11D3-BF4B-00C04F79EFBC}") = "Homework15", "Homework15\Homework15.csproj", "{B7E24DBB-B7FB-4708-83FC-77351BF33E9B}"
EndProject
Project("{FAE04EC0-301F-11D3-BF4B-00C04F79EFBC}") = "Homework16", "Homework16\Homework16.csproj", "{B83EBA4E-90F1-40F0-83D3-751C3148046A}"
EndProject
Project("{FAE04EC0-301F-11D3-BF4B-00C04F79EFBC}") = "Homework14", "Homework14\Homework14.csproj", "{14430E40-E61C-481B-9FB3-B5614C266046}"
EndProject
Global
	GlobalSection(SolutionConfigurationPlatforms) = preSolution
		Debug|Any CPU = Debug|Any CPU
		Release|Any CPU = Release|Any CPU
	EndGlobalSection
	GlobalSection(ProjectConfigurationPlatforms) = postSolution
		{1884074C-F51F-4215-9639-C45DE420334A}.Debug|Any CPU.ActiveCfg = Debug|Any CPU
		{1884074C-F51F-4215-9639-C45DE420334A}.Debug|Any CPU.Build.0 = Debug|Any CPU
		{1884074C-F51F-4215-9639-C45DE420334A}.Release|Any CPU.ActiveCfg = Release|Any CPU
		{1884074C-F51F-4215-9639-C45DE420334A}.Release|Any CPU.Build.0 = Release|Any CPU
		{A52288F5-2F26-401D-B2CD-D2256C017031}.Debug|Any CPU.ActiveCfg = Debug|Any CPU
		{A52288F5-2F26-401D-B2CD-D2256C017031}.Debug|Any CPU.Build.0 = Debug|Any CPU
		{A52288F5-2F26-401D-B2CD-D2256C017031}.Release|Any CPU.ActiveCfg = Release|Any CPU
		{A52288F5-2F26-401D-B2CD-D2256C017031}.Release|Any CPU.Build.0 = Release|Any CPU
		{00E9E81E-85EB-4777-B6CC-B03C948913A8}.Debug|Any CPU.ActiveCfg = Debug|Any CPU
		{00E9E81E-85EB-4777-B6CC-B03C948913A8}.Debug|Any CPU.Build.0 = Debug|Any CPU
		{00E9E81E-85EB-4777-B6CC-B03C948913A8}.Release|Any CPU.ActiveCfg = Release|Any CPU
		{00E9E81E-85EB-4777-B6CC-B03C948913A8}.Release|Any CPU.Build.0 = Release|Any CPU
		{CC8E3582-53C8-4326-A9F4-6255BA7B4D5C}.Debug|Any CPU.ActiveCfg = Debug|Any CPU
		{CC8E3582-53C8-4326-A9F4-6255BA7B4D5C}.Debug|Any CPU.Build.0 = Debug|Any CPU
		{CC8E3582-53C8-4326-A9F4-6255BA7B4D5C}.Release|Any CPU.ActiveCfg = Release|Any CPU
		{CC8E3582-53C8-4326-A9F4-6255BA7B4D5C}.Release|Any CPU.Build.0 = Release|Any CPU
		{F27BCC88-30AB-408E-BBF1-9D4C57A23CDE}.Debug|Any CPU.ActiveCfg = Debug|Any CPU
		{F27BCC88-30AB-408E-BBF1-9D4C57A23CDE}.Debug|Any CPU.Build.0 = Debug|Any CPU
		{F27BCC88-30AB-408E-BBF1-9D4C57A23CDE}.Release|Any CPU.ActiveCfg = Release|Any CPU
		{F27BCC88-30AB-408E-BBF1-9D4C57A23CDE}.Release|Any CPU.Build.0 = Release|Any CPU
		{2CE14D23-E0CC-4955-8F4A-B5541DBF8C42}.Debug|Any CPU.ActiveCfg = Debug|Any CPU
		{2CE14D23-E0CC-4955-8F4A-B5541DBF8C42}.Debug|Any CPU.Build.0 = Debug|Any CPU
		{2CE14D23-E0CC-4955-8F4A-B5541DBF8C42}.Release|Any CPU.ActiveCfg = Release|Any CPU
		{2CE14D23-E0CC-4955-8F4A-B5541DBF8C42}.Release|Any CPU.Build.0 = Release|Any CPU
		{6DAF1636-CEBB-4772-8C66-681D9F896C13}.Debug|Any CPU.ActiveCfg = Debug|Any CPU
		{6DAF1636-CEBB-4772-8C66-681D9F896C13}.Debug|Any CPU.Build.0 = Debug|Any CPU
		{6DAF1636-CEBB-4772-8C66-681D9F896C13}.Release|Any CPU.ActiveCfg = Release|Any CPU
		{6DAF1636-CEBB-4772-8C66-681D9F896C13}.Release|Any CPU.Build.0 = Release|Any CPU
		{E02D6E0A-3773-48F2-B889-1B32E97E9620}.Debug|Any CPU.ActiveCfg = Debug|Any CPU
		{E02D6E0A-3773-48F2-B889-1B32E97E9620}.Debug|Any CPU.Build.0 = Debug|Any CPU
		{E02D6E0A-3773-48F2-B889-1B32E97E9620}.Release|Any CPU.ActiveCfg = Release|Any CPU
		{E02D6E0A-3773-48F2-B889-1B32E97E9620}.Release|Any CPU.Build.0 = Release|Any CPU
		{95435AFB-DECE-4CBF-8A7C-4FD9F0B6A6FF}.Debug|Any CPU.ActiveCfg = Debug|Any CPU
		{95435AFB-DECE-4CBF-8A7C-4FD9F0B6A6FF}.Debug|Any CPU.Build.0 = Debug|Any CPU
		{95435AFB-DECE-4CBF-8A7C-4FD9F0B6A6FF}.Release|Any CPU.ActiveCfg = Release|Any CPU
		{95435AFB-DECE-4CBF-8A7C-4FD9F0B6A6FF}.Release|Any CPU.Build.0 = Release|Any CPU
		{48230388-BD1C-475B-A1F8-362F4C1D464B}.Debug|Any CPU.ActiveCfg = Debug|Any CPU
		{48230388-BD1C-475B-A1F8-362F4C1D464B}.Debug|Any CPU.Build.0 = Debug|Any CPU
		{48230388-BD1C-475B-A1F8-362F4C1D464B}.Release|Any CPU.ActiveCfg = Release|Any CPU
		{48230388-BD1C-475B-A1F8-362F4C1D464B}.Release|Any CPU.Build.0 = Release|Any CPU
		{88BC58BD-3512-486B-9C4C-E717C84A8A10}.Debug|Any CPU.ActiveCfg = Debug|Any CPU
		{88BC58BD-3512-486B-9C4C-E717C84A8A10}.Debug|Any CPU.Build.0 = Debug|Any CPU
		{88BC58BD-3512-486B-9C4C-E717C84A8A10}.Release|Any CPU.ActiveCfg = Release|Any CPU
		{88BC58BD-3512-486B-9C4C-E717C84A8A10}.Release|Any CPU.Build.0 = Release|Any CPU
		{F671F9AF-356A-40DB-8608-DA38C8630F51}.Debug|Any CPU.ActiveCfg = Debug|Any CPU
		{F671F9AF-356A-40DB-8608-DA38C8630F51}.Debug|Any CPU.Build.0 = Debug|Any CPU
		{F671F9AF-356A-40DB-8608-DA38C8630F51}.Release|Any CPU.ActiveCfg = Release|Any CPU
		{F671F9AF-356A-40DB-8608-DA38C8630F51}.Release|Any CPU.Build.0 = Release|Any CPU
		{7358ECFB-F484-4491-AE74-87E348430DEA}.Debug|Any CPU.ActiveCfg = Debug|Any CPU
		{7358ECFB-F484-4491-AE74-87E348430DEA}.Debug|Any CPU.Build.0 = Debug|Any CPU
		{7358ECFB-F484-4491-AE74-87E348430DEA}.Release|Any CPU.ActiveCfg = Release|Any CPU
		{7358ECFB-F484-4491-AE74-87E348430DEA}.Release|Any CPU.Build.0 = Release|Any CPU
		{5B65BE70-54C3-4314-87FD-041C8E712A93}.Debug|Any CPU.ActiveCfg = Debug|Any CPU
		{5B65BE70-54C3-4314-87FD-041C8E712A93}.Debug|Any CPU.Build.0 = Debug|Any CPU
		{5B65BE70-54C3-4314-87FD-041C8E712A93}.Release|Any CPU.ActiveCfg = Release|Any CPU
		{5B65BE70-54C3-4314-87FD-041C8E712A93}.Release|Any CPU.Build.0 = Release|Any CPU
		{B7E24DBB-B7FB-4708-83FC-77351BF33E9B}.Debug|Any CPU.ActiveCfg = Debug|Any CPU
		{B7E24DBB-B7FB-4708-83FC-77351BF33E9B}.Debug|Any CPU.Build.0 = Debug|Any CPU
		{B7E24DBB-B7FB-4708-83FC-77351BF33E9B}.Release|Any CPU.ActiveCfg = Release|Any CPU
		{B7E24DBB-B7FB-4708-83FC-77351BF33E9B}.Release|Any CPU.Build.0 = Release|Any CPU
		{B83EBA4E-90F1-40F0-83D3-751C3148046A}.Debug|Any CPU.ActiveCfg = Debug|Any CPU
		{B83EBA4E-90F1-40F0-83D3-751C3148046A}.Debug|Any CPU.Build.0 = Debug|Any CPU
		{B83EBA4E-90F1-40F0-83D3-751C3148046A}.Release|Any CPU.ActiveCfg = Release|Any CPU
		{B83EBA4E-90F1-40F0-83D3-751C3148046A}.Release|Any CPU.Build.0 = Release|Any CPU
		{14430E40-E61C-481B-9FB3-B5614C266046}.Debug|Any CPU.ActiveCfg = Debug|Any CPU
		{14430E40-E61C-481B-9FB3-B5614C266046}.Debug|Any CPU.Build.0 = Debug|Any CPU
		{14430E40-E61C-481B-9FB3-B5614C266046}.Release|Any CPU.ActiveCfg = Release|Any CPU
		{14430E40-E61C-481B-9FB3-B5614C266046}.Release|Any CPU.Build.0 = Release|Any CPU
	EndGlobalSection
	GlobalSection(SolutionProperties) = preSolution
		HideSolutionNode = FALSE
	EndGlobalSection
	GlobalSection(NestedProjects) = preSolution
		{1884074C-F51F-4215-9639-C45DE420334A} = {11A6D788-8A77-4BEF-B055-93BB462CD5FE}
	EndGlobalSection
	GlobalSection(ExtensibilityGlobals) = postSolution
		SolutionGuid = {51D006B6-AC11-43A6-B322-CA643785EB32}
	EndGlobalSection
EndGlobal
